
Microsoft Visual Studio Solution File, Format Version 12.00
# Visual Studio Version 17
VisualStudioVersion = 17.5.002.0
MinimumVisualStudioVersion = 10.0.40219.1
Project("{9A19103F-16F7-4668-BE54-9A1E7A4F7556}") = "QuerySuite.Contracts", "QuerySuite.Contracts\QuerySuite.Contracts.csproj", "{971BDEF1-59CB-4F9A-A150-5D092115CD9F}"
EndProject
Project("{9A19103F-16F7-4668-BE54-9A1E7A4F7556}") = "QuerySuite.Core", "QuerySuite.Core\QuerySuite.Core.csproj", "{931E1C1F-9488-4344-815A-6BEB90F1CA4C}"
EndProject
Project("{FAE04EC0-301F-11D3-BF4B-00C04F79EFBC}") = "QuerySuite.Usage.Sample", "QuerySuite.Usage.Sample\QuerySuite.Usage.Sample.csproj", "{A543D7A8-EA53-4573-B09A-1FFDCFD5B12F}"
EndProject
Global
	GlobalSection(SolutionConfigurationPlatforms) = preSolution
		Debug|Any CPU = Debug|Any CPU
		Release|Any CPU = Release|Any CPU
	EndGlobalSection
	GlobalSection(ProjectConfigurationPlatforms) = postSolution
		{971BDEF1-59CB-4F9A-A150-5D092115CD9F}.Debug|Any CPU.ActiveCfg = Debug|Any CPU
		{971BDEF1-59CB-4F9A-A150-5D092115CD9F}.Debug|Any CPU.Build.0 = Debug|Any CPU
		{971BDEF1-59CB-4F9A-A150-5D092115CD9F}.Release|Any CPU.ActiveCfg = Release|Any CPU
		{971BDEF1-59CB-4F9A-A150-5D092115CD9F}.Release|Any CPU.Build.0 = Release|Any CPU
		{931E1C1F-9488-4344-815A-6BEB90F1CA4C}.Debug|Any CPU.ActiveCfg = Debug|Any CPU
		{931E1C1F-9488-4344-815A-6BEB90F1CA4C}.Debug|Any CPU.Build.0 = Debug|Any CPU
		{931E1C1F-9488-4344-815A-6BEB90F1CA4C}.Release|Any CPU.ActiveCfg = Release|Any CPU
		{931E1C1F-9488-4344-815A-6BEB90F1CA4C}.Release|Any CPU.Build.0 = Release|Any CPU
		{A543D7A8-EA53-4573-B09A-1FFDCFD5B12F}.Debug|Any CPU.ActiveCfg = Debug|Any CPU
		{A543D7A8-EA53-4573-B09A-1FFDCFD5B12F}.Debug|Any CPU.Build.0 = Debug|Any CPU
		{A543D7A8-EA53-4573-B09A-1FFDCFD5B12F}.Release|Any CPU.ActiveCfg = Release|Any CPU
		{A543D7A8-EA53-4573-B09A-1FFDCFD5B12F}.Release|Any CPU.Build.0 = Release|Any CPU
	EndGlobalSection
	GlobalSection(SolutionProperties) = preSolution
		HideSolutionNode = FALSE
	EndGlobalSection
	GlobalSection(ExtensibilityGlobals) = postSolution
		SolutionGuid = {19601C41-91AE-44E5-A000-340F59C66FB8}
	EndGlobalSection
EndGlobal
